
Microsoft Visual Studio Solution File, Format Version 12.00
# Visual Studio 2013
VisualStudioVersion = 12.0.21005.1
MinimumVisualStudioVersion = 10.0.40219.1
Project("{FAE04EC0-301F-11D3-BF4B-00C04F79EFBC}") = "ZFreeGo.Monitor.Test", "ZFreeGo.Monitor.Test\ZFreeGo.Monitor.Test.csproj", "{1DD7270F-C0E6-475C-9CDF-E4684A4FA16C}"
EndProject
Project("{FAE04EC0-301F-11D3-BF4B-00C04F79EFBC}") = "ZFreeGo.Net", "ZFreeGo.Common.Net\ZFreeGo.Net.csproj", "{2C0B038A-4065-4628-81AB-13B750ED8BEE}"
EndProject
Project("{FAE04EC0-301F-11D3-BF4B-00C04F79EFBC}") = "ConsoleTest", "ConsoleTest\ConsoleTest.csproj", "{2A76DBE2-3FA8-4AE0-A096-5977A7D7E04A}"
EndProject
Project("{FAE04EC0-301F-11D3-BF4B-00C04F79EFBC}") = "ZFreeGo.TransportProtocol.Xmodem", "ZFreeGo.TransportProtocol.Xmodem\ZFreeGo.TransportProtocol.Xmodem.csproj", "{266BA8DC-9D81-4879-B3D6-EDD2E062B756}"
EndProject
Project("{FAE04EC0-301F-11D3-BF4B-00C04F79EFBC}") = "ZFreeGo.TransmissionProtocols", "ZFreeGo.TransportProtocol.NetworkAccess\ZFreeGo.TransmissionProtocols.csproj", "{814212F7-ED3D-46F6-A172-7CA2060FED0B}"
EndProject
Project("{FAE04EC0-301F-11D3-BF4B-00C04F79EFBC}") = "ZFreeGo.Monitor.AutoStudio", "ZFreeGo.Monitor.DAS\ZFreeGo.Monitor.AutoStudio.csproj", "{4ACF6DA8-65F7-485A-A7FE-96F8840DD478}"
EndProject
Project("{FAE04EC0-301F-11D3-BF4B-00C04F79EFBC}") = "ZFreeGo.FileOperation.Comtrade", "ZFreeGo.FileFormat.Comtrade\ZFreeGo.FileOperation.Comtrade.csproj", "{6C7D1295-C969-473B-8C0C-F6F2DA27D968}"
EndProject
Project("{2150E333-8FDC-42A3-9474-1A3956D46DE8}") = "Solution Items", "Solution Items", "{D6872A7A-CA7A-41BC-ABD2-3DADD7EF74F0}"
	ProjectSection(SolutionItems) = preProject
		软件调试记录.docx = 软件调试记录.docx
	EndProjectSection
EndProject
Project("{FAE04EC0-301F-11D3-BF4B-00C04F79EFBC}") = "ZFreeGo.Monitor.DASModel", "ZFreeGo.Monitor.DASModel\ZFreeGo.Monitor.DASModel.csproj", "{48D3C69B-CB4A-4C36-A052-6861C690B599}"
EndProject
Project("{FAE04EC0-301F-11D3-BF4B-00C04F79EFBC}") = "ZFreeGo.Monitor.DASII", "ZFreeGo.Monitor.DASII\ZFreeGo.Monitor.DASII.csproj", "{9F17D121-DB7D-4DE5-8D88-F3644C71F1DD}"
EndProject
Project("{FAE04EC0-301F-11D3-BF4B-00C04F79EFBC}") = "ZFreeGo.Monitor.DASDock", "ZFreeGo.Monitor.DASDock\ZFreeGo.Monitor.DASDock.csproj", "{24263FA1-88C8-4CA9-B817-A7C09934B7EE}"
EndProject
Global
	GlobalSection(SolutionConfigurationPlatforms) = preSolution
		Debug|Any CPU = Debug|Any CPU
		Release|Any CPU = Release|Any CPU
	EndGlobalSection
	GlobalSection(ProjectConfigurationPlatforms) = postSolution
		{1DD7270F-C0E6-475C-9CDF-E4684A4FA16C}.Debug|Any CPU.ActiveCfg = Debug|Any CPU
		{1DD7270F-C0E6-475C-9CDF-E4684A4FA16C}.Debug|Any CPU.Build.0 = Debug|Any CPU
		{1DD7270F-C0E6-475C-9CDF-E4684A4FA16C}.Release|Any CPU.ActiveCfg = Release|Any CPU
		{1DD7270F-C0E6-475C-9CDF-E4684A4FA16C}.Release|Any CPU.Build.0 = Release|Any CPU
		{2C0B038A-4065-4628-81AB-13B750ED8BEE}.Debug|Any CPU.ActiveCfg = Debug|Any CPU
		{2C0B038A-4065-4628-81AB-13B750ED8BEE}.Debug|Any CPU.Build.0 = Debug|Any CPU
		{2C0B038A-4065-4628-81AB-13B750ED8BEE}.Release|Any CPU.ActiveCfg = Release|Any CPU
		{2C0B038A-4065-4628-81AB-13B750ED8BEE}.Release|Any CPU.Build.0 = Release|Any CPU
		{2A76DBE2-3FA8-4AE0-A096-5977A7D7E04A}.Debug|Any CPU.ActiveCfg = Debug|Any CPU
		{2A76DBE2-3FA8-4AE0-A096-5977A7D7E04A}.Debug|Any CPU.Build.0 = Debug|Any CPU
		{2A76DBE2-3FA8-4AE0-A096-5977A7D7E04A}.Release|Any CPU.ActiveCfg = Release|Any CPU
		{2A76DBE2-3FA8-4AE0-A096-5977A7D7E04A}.Release|Any CPU.Build.0 = Release|Any CPU
		{266BA8DC-9D81-4879-B3D6-EDD2E062B756}.Debug|Any CPU.ActiveCfg = Debug|Any CPU
		{266BA8DC-9D81-4879-B3D6-EDD2E062B756}.Debug|Any CPU.Build.0 = Debug|Any CPU
		{266BA8DC-9D81-4879-B3D6-EDD2E062B756}.Release|Any CPU.ActiveCfg = Release|Any CPU
		{266BA8DC-9D81-4879-B3D6-EDD2E062B756}.Release|Any CPU.Build.0 = Release|Any CPU
		{814212F7-ED3D-46F6-A172-7CA2060FED0B}.Debug|Any CPU.ActiveCfg = Debug|Any CPU
		{814212F7-ED3D-46F6-A172-7CA2060FED0B}.Debug|Any CPU.Build.0 = Debug|Any CPU
		{814212F7-ED3D-46F6-A172-7CA2060FED0B}.Release|Any CPU.ActiveCfg = Release|Any CPU
		{814212F7-ED3D-46F6-A172-7CA2060FED0B}.Release|Any CPU.Build.0 = Release|Any CPU
		{4ACF6DA8-65F7-485A-A7FE-96F8840DD478}.Debug|Any CPU.ActiveCfg = Debug|Any CPU
		{4ACF6DA8-65F7-485A-A7FE-96F8840DD478}.Debug|Any CPU.Build.0 = Debug|Any CPU
		{4ACF6DA8-65F7-485A-A7FE-96F8840DD478}.Release|Any CPU.ActiveCfg = Release|Any CPU
		{4ACF6DA8-65F7-485A-A7FE-96F8840DD478}.Release|Any CPU.Build.0 = Release|Any CPU
		{6C7D1295-C969-473B-8C0C-F6F2DA27D968}.Debug|Any CPU.ActiveCfg = Debug|Any CPU
		{6C7D1295-C969-473B-8C0C-F6F2DA27D968}.Debug|Any CPU.Build.0 = Debug|Any CPU
		{6C7D1295-C969-473B-8C0C-F6F2DA27D968}.Release|Any CPU.ActiveCfg = Release|Any CPU
		{6C7D1295-C969-473B-8C0C-F6F2DA27D968}.Release|Any CPU.Build.0 = Release|Any CPU
		{48D3C69B-CB4A-4C36-A052-6861C690B599}.Debug|Any CPU.ActiveCfg = Debug|Any CPU
		{48D3C69B-CB4A-4C36-A052-6861C690B599}.Debug|Any CPU.Build.0 = Debug|Any CPU
		{48D3C69B-CB4A-4C36-A052-6861C690B599}.Release|Any CPU.ActiveCfg = Release|Any CPU
		{48D3C69B-CB4A-4C36-A052-6861C690B599}.Release|Any CPU.Build.0 = Release|Any CPU
		{9F17D121-DB7D-4DE5-8D88-F3644C71F1DD}.Debug|Any CPU.ActiveCfg = Debug|Any CPU
		{9F17D121-DB7D-4DE5-8D88-F3644C71F1DD}.Debug|Any CPU.Build.0 = Debug|Any CPU
		{9F17D121-DB7D-4DE5-8D88-F3644C71F1DD}.Release|Any CPU.ActiveCfg = Release|Any CPU
		{9F17D121-DB7D-4DE5-8D88-F3644C71F1DD}.Release|Any CPU.Build.0 = Release|Any CPU
		{24263FA1-88C8-4CA9-B817-A7C09934B7EE}.Debug|Any CPU.ActiveCfg = Debug|Any CPU
		{24263FA1-88C8-4CA9-B817-A7C09934B7EE}.Debug|Any CPU.Build.0 = Debug|Any CPU
		{24263FA1-88C8-4CA9-B817-A7C09934B7EE}.Release|Any CPU.ActiveCfg = Release|Any CPU
		{24263FA1-88C8-4CA9-B817-A7C09934B7EE}.Release|Any CPU.Build.0 = Release|Any CPU
	EndGlobalSection
	GlobalSection(SolutionProperties) = preSolution
		HideSolutionNode = FALSE
	EndGlobalSection
EndGlobal
